
Microsoft Visual Studio Solution File, Format Version 12.00
# Visual Studio 15
VisualStudioVersion = 15.0.26430.14
MinimumVisualStudioVersion = 10.0.40219.1
Project("{FAE04EC0-301F-11D3-BF4B-00C04F79EFBC}") = "Aufgabe005", "Aufgabe005\Aufgabe005.csproj", "{816478F1-E399-456C-B2B5-D0CD27FD6796}"
EndProject
Project("{FAE04EC0-301F-11D3-BF4B-00C04F79EFBC}") = "Aufgabe006", "Aufgabe006\Aufgabe006.csproj", "{F7955E9F-1648-4B92-B6E9-0777DA7866E4}"
EndProject
Project("{FAE04EC0-301F-11D3-BF4B-00C04F79EFBC}") = "Aufgabe007", "Aufgabe007\Aufgabe007.csproj", "{120BE0C9-AE6D-4C89-A668-18896DB5A915}"
EndProject
Project("{FAE04EC0-301F-11D3-BF4B-00C04F79EFBC}") = "Aufgabe008", "Aufgabe008\Aufgabe008.csproj", "{645B45B5-3E3D-4FA8-97C0-3D75C6A7FBED}"
EndProject
Project("{FAE04EC0-301F-11D3-BF4B-00C04F79EFBC}") = "Aufgabe009", "Aufgabe009\Aufgabe009.csproj", "{C9D1906A-AB4F-4EF8-82A9-D8AE9B73B508}"
EndProject
Project("{FAE04EC0-301F-11D3-BF4B-00C04F79EFBC}") = "Aufgabe010", "Aufgabe010\Aufgabe010.csproj", "{3168DE55-1DE9-40D0-9140-391EFD28E10A}"
EndProject
Project("{FAE04EC0-301F-11D3-BF4B-00C04F79EFBC}") = "Aufgabe011", "Aufgabe011\Aufgabe011.csproj", "{9A47C523-D66F-4973-80AC-17117F25595B}"
EndProject
Project("{FAE04EC0-301F-11D3-BF4B-00C04F79EFBC}") = "Aufgabe012", "Aufgabe012\Aufgabe012.csproj", "{1F5BCB60-FA58-43F6-A0C5-A9EB427E34C8}"
EndProject
Project("{FAE04EC0-301F-11D3-BF4B-00C04F79EFBC}") = "Aufgabe013", "Aufgabe013\Aufgabe013.csproj", "{895CFCD6-C76D-4438-91DE-5F0675E165FA}"
EndProject
Project("{FAE04EC0-301F-11D3-BF4B-00C04F79EFBC}") = "Aufgabe014", "Aufgabe014\Aufgabe014.csproj", "{C060D150-475C-4CF5-AE40-7FFC4A925F0E}"
EndProject
Project("{FAE04EC0-301F-11D3-BF4B-00C04F79EFBC}") = "Aufgabe015", "Aufgabe015\Aufgabe015.csproj", "{182132D2-F7FD-4906-9049-E832968AB154}"
EndProject
Project("{FAE04EC0-301F-11D3-BF4B-00C04F79EFBC}") = "Aufgabe016", "Aufgabe016\Aufgabe016.csproj", "{3A74322D-289D-4BCE-A7D7-06D265262510}"
EndProject
Project("{FAE04EC0-301F-11D3-BF4B-00C04F79EFBC}") = "Aufgabe017", "Aufgabe017\Aufgabe017.csproj", "{11445D45-711A-4423-9DC1-FA7C2EB7412B}"
EndProject
Project("{FAE04EC0-301F-11D3-BF4B-00C04F79EFBC}") = "Aufgabe018", "Aufgabe018\Aufgabe018.csproj", "{D5D19F51-CD30-456C-9300-57D7ED123354}"
EndProject
Project("{FAE04EC0-301F-11D3-BF4B-00C04F79EFBC}") = "Aufgabe019", "Aufgabe019\Aufgabe019.csproj", "{10BF6CDF-FC78-4CB6-B9A9-EC201F5CE5C7}"
EndProject
Project("{FAE04EC0-301F-11D3-BF4B-00C04F79EFBC}") = "Aufgabe020", "Aufgabe020\Aufgabe020.csproj", "{94FDEB00-9B35-4179-B695-29AD990DDAC3}"
EndProject
Project("{FAE04EC0-301F-11D3-BF4B-00C04F79EFBC}") = "Aufgabe021", "Aufgabe021\Aufgabe021.csproj", "{882B2199-90C3-4800-9467-1A1742181D26}"
EndProject
Project("{FAE04EC0-301F-11D3-BF4B-00C04F79EFBC}") = "Aufgabe022", "Aufgabe022\Aufgabe022.csproj", "{05E5BB32-6617-4520-B52B-93E65495313F}"
EndProject
Project("{FAE04EC0-301F-11D3-BF4B-00C04F79EFBC}") = "Aufgabe023", "Aufgabe023\Aufgabe023.csproj", "{3C5F6D4B-5444-4537-89FD-D2E16DB7B9B3}"
EndProject
Project("{FAE04EC0-301F-11D3-BF4B-00C04F79EFBC}") = "Aufgabe024", "Aufgabe024\Aufgabe024.csproj", "{BCD69FE9-5EC3-461F-A93A-E94483532FA8}"
EndProject
Project("{FAE04EC0-301F-11D3-BF4B-00C04F79EFBC}") = "Aufgabe025", "Aufgabe025\Aufgabe025.csproj", "{BD88B6F5-B987-4C95-828C-AD97E6DCC41C}"
EndProject
Project("{FAE04EC0-301F-11D3-BF4B-00C04F79EFBC}") = "Aufgabe026", "Aufgabe026\Aufgabe026.csproj", "{B89CF569-2C5C-4CA4-A3B0-6EAB2FDE535A}"
	ProjectSection(ProjectDependencies) = postProject
		{BD88B6F5-B987-4C95-828C-AD97E6DCC41C} = {BD88B6F5-B987-4C95-828C-AD97E6DCC41C}
	EndProjectSection
EndProject
Project("{FAE04EC0-301F-11D3-BF4B-00C04F79EFBC}") = "Aufgabe027", "Aufgabe027\Aufgabe027.csproj", "{7EFDCD3C-5CDD-4628-AF3C-74C45097D024}"
EndProject
Project("{FAE04EC0-301F-11D3-BF4B-00C04F79EFBC}") = "Aufgabe028", "Aufgabe028\Aufgabe028.csproj", "{FF349E5E-B57E-43DC-B9B3-993F434843E0}"
EndProject
Project("{FAE04EC0-301F-11D3-BF4B-00C04F79EFBC}") = "Aufgabe029", "Aufgabe029\Aufgabe029.csproj", "{0A4DADF4-AFC3-4EBD-919B-1CE9EC39FEE0}"
EndProject
Project("{FAE04EC0-301F-11D3-BF4B-00C04F79EFBC}") = "Aufgabe030", "Aufgabe030\Aufgabe030.csproj", "{72AEC0B8-CB28-4957-A8EE-5C4C16CC00F4}"
EndProject
Project("{FAE04EC0-301F-11D3-BF4B-00C04F79EFBC}") = "Aufgabe031", "Aufgabe031\Aufgabe031.csproj", "{B50ECBA1-0E93-4904-9AB7-80F094BA9123}"
EndProject
Project("{FAE04EC0-301F-11D3-BF4B-00C04F79EFBC}") = "Aufgabe032", "Aufgabe032\Aufgabe032.csproj", "{BEAE997C-E948-4643-BA3E-8C35D0CEA2C3}"
EndProject
Project("{FAE04EC0-301F-11D3-BF4B-00C04F79EFBC}") = "Aufgabe033", "Aufgabe033\Aufgabe033.csproj", "{AA0578B8-D171-47F1-9D62-A5B876639040}"
EndProject
Project("{FAE04EC0-301F-11D3-BF4B-00C04F79EFBC}") = "Aufgabe034", "Aufgabe034\Aufgabe034.csproj", "{E2844E1A-C468-4DE1-9A35-295C13366C05}"
EndProject
Project("{FAE04EC0-301F-11D3-BF4B-00C04F79EFBC}") = "Aufgabe035", "Aufgabe035\Aufgabe035.csproj", "{265D689B-7D63-4F22-811C-DE3BFB7171D0}"
EndProject
Project("{FAE04EC0-301F-11D3-BF4B-00C04F79EFBC}") = "Aufgabe036", "Aufgabe036\Aufgabe036.csproj", "{8BED8DB2-FC24-498E-9C85-E19D78E4C36A}"
EndProject
Project("{FAE04EC0-301F-11D3-BF4B-00C04F79EFBC}") = "Aufgabe037", "Aufgabe037\Aufgabe037.csproj", "{FEF7FFD5-50AD-476F-A286-EC57C82CEFC3}"
EndProject
Project("{FAE04EC0-301F-11D3-BF4B-00C04F79EFBC}") = "Aufgabe038", "Aufgabe038\Aufgabe038.csproj", "{762876E7-F636-46F2-8D86-DC22F6AEFD91}"
EndProject
Project("{FAE04EC0-301F-11D3-BF4B-00C04F79EFBC}") = "Aufgabe039", "Aufgabe039\Aufgabe039.csproj", "{CE65C0DD-0D04-423D-8A9B-96576D9243F4}"
EndProject
Project("{FAE04EC0-301F-11D3-BF4B-00C04F79EFBC}") = "Aufgabe040", "Aufgabe040\Aufgabe040.csproj", "{29ED6478-EFD1-4F41-8A09-A25B3E4F8812}"
EndProject
Project("{FAE04EC0-301F-11D3-BF4B-00C04F79EFBC}") = "Aufgabe041", "Aufgabe041\Aufgabe041.csproj", "{7C27A8E7-AFEE-40BA-BC85-E4090E746B20}"
EndProject
Project("{FAE04EC0-301F-11D3-BF4B-00C04F79EFBC}") = "Aufgabe042", "Aufgabe042\Aufgabe042.csproj", "{B956C677-B3F2-4B74-A253-1B88706C0F77}"
EndProject
Project("{FAE04EC0-301F-11D3-BF4B-00C04F79EFBC}") = "Aufgabe043", "Aufgabe043\Aufgabe043.csproj", "{B5BB936C-7026-409C-AB4C-D4487D20097F}"
EndProject
Project("{FAE04EC0-301F-11D3-BF4B-00C04F79EFBC}") = "Aufgabe044", "Aufgabe044\Aufgabe044.csproj", "{7C42E9FA-823A-42CB-A1BD-DF102B254ABE}"
EndProject
Project("{FAE04EC0-301F-11D3-BF4B-00C04F79EFBC}") = "Aufgabe045", "Aufgabe045\Aufgabe045.csproj", "{46FDC1F9-4317-4D12-BCF3-13ABF8919025}"
EndProject
Project("{FAE04EC0-301F-11D3-BF4B-00C04F79EFBC}") = "Aufgabe046", "Aufgabe046\Aufgabe046.csproj", "{B8F9CB5E-E849-491F-AD8E-D0FA9C29E6BE}"
EndProject
Project("{FAE04EC0-301F-11D3-BF4B-00C04F79EFBC}") = "Aufgabe047", "Aufgabe047\Aufgabe047.csproj", "{00D5B821-B764-4560-BF4B-6ADF68DD0DF0}"
EndProject
Project("{FAE04EC0-301F-11D3-BF4B-00C04F79EFBC}") = "Aufgabe048", "Aufgabe048\Aufgabe048.csproj", "{31548C08-85F4-42D9-9F2B-95552B178BD2}"
EndProject
Project("{FAE04EC0-301F-11D3-BF4B-00C04F79EFBC}") = "Aufgabe049", "Aufgabe049\Aufgabe049.csproj", "{876457DF-A747-4F5E-AF62-DF9DEC09704F}"
EndProject
Project("{FAE04EC0-301F-11D3-BF4B-00C04F79EFBC}") = "Aufgabe050", "Aufgabe050\Aufgabe050.csproj", "{C2880C13-FD5A-4853-8B51-1CDDEEE189CD}"
EndProject
Project("{FAE04EC0-301F-11D3-BF4B-00C04F79EFBC}") = "Aufgabe051", "Aufgabe051\Aufgabe051.csproj", "{43581EEF-1022-45D5-AE87-57147231013A}"
EndProject
Project("{FAE04EC0-301F-11D3-BF4B-00C04F79EFBC}") = "Aufgabe101", "Aufgabe101\Aufgabe101.csproj", "{BF01813C-A2F5-4150-B355-0CE1C19FC5CF}"
EndProject
Project("{FAE04EC0-301F-11D3-BF4B-00C04F79EFBC}") = "Aufgabe102", "Aufgabe102\Aufgabe102.csproj", "{3450841A-9B8F-4310-B164-72EC9945B0DC}"
EndProject
Project("{FAE04EC0-301F-11D3-BF4B-00C04F79EFBC}") = "Aufgabe103", "Aufgabe103\Aufgabe103.csproj", "{5168221F-EC0D-485A-A5C4-F652119C59F6}"
EndProject
Project("{FAE04EC0-301F-11D3-BF4B-00C04F79EFBC}") = "Aufgabe104", "Aufgabe104\Aufgabe104.csproj", "{8840E8A9-E644-4D31-BE19-D4DFC3C419BD}"
EndProject
Project("{FAE04EC0-301F-11D3-BF4B-00C04F79EFBC}") = "Aufgabe105", "Aufgabe105\Aufgabe105.csproj", "{16DC5F87-2C55-461C-B00D-80DBBBE732A5}"
EndProject
Project("{FAE04EC0-301F-11D3-BF4B-00C04F79EFBC}") = "Aufgabe106", "Aufgabe106\Aufgabe106.csproj", "{B5087560-63D6-4767-8687-1E26F6862231}"
EndProject
Project("{FAE04EC0-301F-11D3-BF4B-00C04F79EFBC}") = "Aufgabe107", "Aufgabe107\Aufgabe107.csproj", "{32D37A6D-44DE-42C2-9D0B-B1846C0D87AE}"
EndProject
Project("{FAE04EC0-301F-11D3-BF4B-00C04F79EFBC}") = "Aufgabe108", "Aufgabe108\Aufgabe108.csproj", "{53B0AB24-511E-4BAB-9507-696605B13121}"
EndProject
Project("{FAE04EC0-301F-11D3-BF4B-00C04F79EFBC}") = "Aufgabe109", "Aufgabe109\Aufgabe109.csproj", "{D6CA1078-D2B1-4E99-8F88-325686CFA93A}"
EndProject
Project("{FAE04EC0-301F-11D3-BF4B-00C04F79EFBC}") = "Aufgabe110", "Aufgabe110\Aufgabe110.csproj", "{3F9B4A24-5645-4554-995F-E008132BFB4A}"
EndProject
Project("{FAE04EC0-301F-11D3-BF4B-00C04F79EFBC}") = "Aufgabe111", "Aufgabe111\Aufgabe111.csproj", "{387EB6B2-F2C2-447E-81E0-BA388C2BBE08}"
EndProject
Project("{FAE04EC0-301F-11D3-BF4B-00C04F79EFBC}") = "Aufgabe112", "Aufgabe112\Aufgabe112.csproj", "{7C18AE00-EC3E-42AE-85DF-550111B05F39}"
EndProject
Project("{FAE04EC0-301F-11D3-BF4B-00C04F79EFBC}") = "Aufgabe113", "Aufgabe113\Aufgabe113.csproj", "{B6CBEE77-8107-48B3-90E6-33B68C4F26F9}"
EndProject
Project("{FAE04EC0-301F-11D3-BF4B-00C04F79EFBC}") = "Aufgabe114", "Aufgabe114\Aufgabe114.csproj", "{E942CA89-D555-40BC-B669-6A6D1FD13527}"
EndProject
Project("{FAE04EC0-301F-11D3-BF4B-00C04F79EFBC}") = "Aufgabe115", "Aufgabe115\Aufgabe115.csproj", "{4A1664B9-D4B7-4E67-9646-1DD8571713EB}"
EndProject
Project("{FAE04EC0-301F-11D3-BF4B-00C04F79EFBC}") = "Aufgabe116", "Aufgabe116\Aufgabe116.csproj", "{1F78C671-1C87-419C-BA24-FBB67FE47C1F}"
EndProject
Project("{FAE04EC0-301F-11D3-BF4B-00C04F79EFBC}") = "Aufgabe117", "Aufgabe117\Aufgabe117.csproj", "{1D25CE9C-DFA1-40AD-9FBC-85DA22856C70}"
EndProject
Global
	GlobalSection(SolutionConfigurationPlatforms) = preSolution
		Debug|Any CPU = Debug|Any CPU
		Release|Any CPU = Release|Any CPU
	EndGlobalSection
	GlobalSection(ProjectConfigurationPlatforms) = postSolution
		{816478F1-E399-456C-B2B5-D0CD27FD6796}.Debug|Any CPU.ActiveCfg = Debug|Any CPU
		{816478F1-E399-456C-B2B5-D0CD27FD6796}.Debug|Any CPU.Build.0 = Debug|Any CPU
		{816478F1-E399-456C-B2B5-D0CD27FD6796}.Release|Any CPU.ActiveCfg = Release|Any CPU
		{816478F1-E399-456C-B2B5-D0CD27FD6796}.Release|Any CPU.Build.0 = Release|Any CPU
		{F7955E9F-1648-4B92-B6E9-0777DA7866E4}.Debug|Any CPU.ActiveCfg = Debug|Any CPU
		{F7955E9F-1648-4B92-B6E9-0777DA7866E4}.Debug|Any CPU.Build.0 = Debug|Any CPU
		{F7955E9F-1648-4B92-B6E9-0777DA7866E4}.Release|Any CPU.ActiveCfg = Release|Any CPU
		{F7955E9F-1648-4B92-B6E9-0777DA7866E4}.Release|Any CPU.Build.0 = Release|Any CPU
		{120BE0C9-AE6D-4C89-A668-18896DB5A915}.Debug|Any CPU.ActiveCfg = Debug|Any CPU
		{120BE0C9-AE6D-4C89-A668-18896DB5A915}.Debug|Any CPU.Build.0 = Debug|Any CPU
		{120BE0C9-AE6D-4C89-A668-18896DB5A915}.Release|Any CPU.ActiveCfg = Release|Any CPU
		{120BE0C9-AE6D-4C89-A668-18896DB5A915}.Release|Any CPU.Build.0 = Release|Any CPU
		{645B45B5-3E3D-4FA8-97C0-3D75C6A7FBED}.Debug|Any CPU.ActiveCfg = Debug|Any CPU
		{645B45B5-3E3D-4FA8-97C0-3D75C6A7FBED}.Debug|Any CPU.Build.0 = Debug|Any CPU
		{645B45B5-3E3D-4FA8-97C0-3D75C6A7FBED}.Release|Any CPU.ActiveCfg = Release|Any CPU
		{645B45B5-3E3D-4FA8-97C0-3D75C6A7FBED}.Release|Any CPU.Build.0 = Release|Any CPU
		{C9D1906A-AB4F-4EF8-82A9-D8AE9B73B508}.Debug|Any CPU.ActiveCfg = Debug|Any CPU
		{C9D1906A-AB4F-4EF8-82A9-D8AE9B73B508}.Debug|Any CPU.Build.0 = Debug|Any CPU
		{C9D1906A-AB4F-4EF8-82A9-D8AE9B73B508}.Release|Any CPU.ActiveCfg = Release|Any CPU
		{C9D1906A-AB4F-4EF8-82A9-D8AE9B73B508}.Release|Any CPU.Build.0 = Release|Any CPU
		{3168DE55-1DE9-40D0-9140-391EFD28E10A}.Debug|Any CPU.ActiveCfg = Debug|Any CPU
		{3168DE55-1DE9-40D0-9140-391EFD28E10A}.Debug|Any CPU.Build.0 = Debug|Any CPU
		{3168DE55-1DE9-40D0-9140-391EFD28E10A}.Release|Any CPU.ActiveCfg = Release|Any CPU
		{3168DE55-1DE9-40D0-9140-391EFD28E10A}.Release|Any CPU.Build.0 = Release|Any CPU
		{9A47C523-D66F-4973-80AC-17117F25595B}.Debug|Any CPU.ActiveCfg = Debug|Any CPU
		{9A47C523-D66F-4973-80AC-17117F25595B}.Debug|Any CPU.Build.0 = Debug|Any CPU
		{9A47C523-D66F-4973-80AC-17117F25595B}.Release|Any CPU.ActiveCfg = Release|Any CPU
		{9A47C523-D66F-4973-80AC-17117F25595B}.Release|Any CPU.Build.0 = Release|Any CPU
		{1F5BCB60-FA58-43F6-A0C5-A9EB427E34C8}.Debug|Any CPU.ActiveCfg = Debug|Any CPU
		{1F5BCB60-FA58-43F6-A0C5-A9EB427E34C8}.Debug|Any CPU.Build.0 = Debug|Any CPU
		{1F5BCB60-FA58-43F6-A0C5-A9EB427E34C8}.Release|Any CPU.ActiveCfg = Release|Any CPU
		{1F5BCB60-FA58-43F6-A0C5-A9EB427E34C8}.Release|Any CPU.Build.0 = Release|Any CPU
		{895CFCD6-C76D-4438-91DE-5F0675E165FA}.Debug|Any CPU.ActiveCfg = Debug|Any CPU
		{895CFCD6-C76D-4438-91DE-5F0675E165FA}.Debug|Any CPU.Build.0 = Debug|Any CPU
		{895CFCD6-C76D-4438-91DE-5F0675E165FA}.Release|Any CPU.ActiveCfg = Release|Any CPU
		{895CFCD6-C76D-4438-91DE-5F0675E165FA}.Release|Any CPU.Build.0 = Release|Any CPU
		{C060D150-475C-4CF5-AE40-7FFC4A925F0E}.Debug|Any CPU.ActiveCfg = Debug|Any CPU
		{C060D150-475C-4CF5-AE40-7FFC4A925F0E}.Debug|Any CPU.Build.0 = Debug|Any CPU
		{C060D150-475C-4CF5-AE40-7FFC4A925F0E}.Release|Any CPU.ActiveCfg = Release|Any CPU
		{C060D150-475C-4CF5-AE40-7FFC4A925F0E}.Release|Any CPU.Build.0 = Release|Any CPU
		{182132D2-F7FD-4906-9049-E832968AB154}.Debug|Any CPU.ActiveCfg = Debug|Any CPU
		{182132D2-F7FD-4906-9049-E832968AB154}.Debug|Any CPU.Build.0 = Debug|Any CPU
		{182132D2-F7FD-4906-9049-E832968AB154}.Release|Any CPU.ActiveCfg = Release|Any CPU
		{182132D2-F7FD-4906-9049-E832968AB154}.Release|Any CPU.Build.0 = Release|Any CPU
		{3A74322D-289D-4BCE-A7D7-06D265262510}.Debug|Any CPU.ActiveCfg = Debug|Any CPU
		{3A74322D-289D-4BCE-A7D7-06D265262510}.Debug|Any CPU.Build.0 = Debug|Any CPU
		{3A74322D-289D-4BCE-A7D7-06D265262510}.Release|Any CPU.ActiveCfg = Release|Any CPU
		{3A74322D-289D-4BCE-A7D7-06D265262510}.Release|Any CPU.Build.0 = Release|Any CPU
		{11445D45-711A-4423-9DC1-FA7C2EB7412B}.Debug|Any CPU.ActiveCfg = Debug|Any CPU
		{11445D45-711A-4423-9DC1-FA7C2EB7412B}.Debug|Any CPU.Build.0 = Debug|Any CPU
		{11445D45-711A-4423-9DC1-FA7C2EB7412B}.Release|Any CPU.ActiveCfg = Release|Any CPU
		{11445D45-711A-4423-9DC1-FA7C2EB7412B}.Release|Any CPU.Build.0 = Release|Any CPU
		{D5D19F51-CD30-456C-9300-57D7ED123354}.Debug|Any CPU.ActiveCfg = Debug|Any CPU
		{D5D19F51-CD30-456C-9300-57D7ED123354}.Debug|Any CPU.Build.0 = Debug|Any CPU
		{D5D19F51-CD30-456C-9300-57D7ED123354}.Release|Any CPU.ActiveCfg = Release|Any CPU
		{D5D19F51-CD30-456C-9300-57D7ED123354}.Release|Any CPU.Build.0 = Release|Any CPU
		{10BF6CDF-FC78-4CB6-B9A9-EC201F5CE5C7}.Debug|Any CPU.ActiveCfg = Debug|Any CPU
		{10BF6CDF-FC78-4CB6-B9A9-EC201F5CE5C7}.Debug|Any CPU.Build.0 = Debug|Any CPU
		{10BF6CDF-FC78-4CB6-B9A9-EC201F5CE5C7}.Release|Any CPU.ActiveCfg = Release|Any CPU
		{10BF6CDF-FC78-4CB6-B9A9-EC201F5CE5C7}.Release|Any CPU.Build.0 = Release|Any CPU
		{94FDEB00-9B35-4179-B695-29AD990DDAC3}.Debug|Any CPU.ActiveCfg = Debug|Any CPU
		{94FDEB00-9B35-4179-B695-29AD990DDAC3}.Debug|Any CPU.Build.0 = Debug|Any CPU
		{94FDEB00-9B35-4179-B695-29AD990DDAC3}.Release|Any CPU.ActiveCfg = Release|Any CPU
		{94FDEB00-9B35-4179-B695-29AD990DDAC3}.Release|Any CPU.Build.0 = Release|Any CPU
		{882B2199-90C3-4800-9467-1A1742181D26}.Debug|Any CPU.ActiveCfg = Debug|Any CPU
		{882B2199-90C3-4800-9467-1A1742181D26}.Debug|Any CPU.Build.0 = Debug|Any CPU
		{882B2199-90C3-4800-9467-1A1742181D26}.Release|Any CPU.ActiveCfg = Release|Any CPU
		{882B2199-90C3-4800-9467-1A1742181D26}.Release|Any CPU.Build.0 = Release|Any CPU
		{05E5BB32-6617-4520-B52B-93E65495313F}.Debug|Any CPU.ActiveCfg = Debug|Any CPU
		{05E5BB32-6617-4520-B52B-93E65495313F}.Debug|Any CPU.Build.0 = Debug|Any CPU
		{05E5BB32-6617-4520-B52B-93E65495313F}.Release|Any CPU.ActiveCfg = Release|Any CPU
		{05E5BB32-6617-4520-B52B-93E65495313F}.Release|Any CPU.Build.0 = Release|Any CPU
		{3C5F6D4B-5444-4537-89FD-D2E16DB7B9B3}.Debug|Any CPU.ActiveCfg = Debug|Any CPU
		{3C5F6D4B-5444-4537-89FD-D2E16DB7B9B3}.Debug|Any CPU.Build.0 = Debug|Any CPU
		{3C5F6D4B-5444-4537-89FD-D2E16DB7B9B3}.Release|Any CPU.ActiveCfg = Release|Any CPU
		{3C5F6D4B-5444-4537-89FD-D2E16DB7B9B3}.Release|Any CPU.Build.0 = Release|Any CPU
		{BCD69FE9-5EC3-461F-A93A-E94483532FA8}.Debug|Any CPU.ActiveCfg = Debug|Any CPU
		{BCD69FE9-5EC3-461F-A93A-E94483532FA8}.Debug|Any CPU.Build.0 = Debug|Any CPU
		{BCD69FE9-5EC3-461F-A93A-E94483532FA8}.Release|Any CPU.ActiveCfg = Release|Any CPU
		{BCD69FE9-5EC3-461F-A93A-E94483532FA8}.Release|Any CPU.Build.0 = Release|Any CPU
		{BD88B6F5-B987-4C95-828C-AD97E6DCC41C}.Debug|Any CPU.ActiveCfg = Debug|Any CPU
		{BD88B6F5-B987-4C95-828C-AD97E6DCC41C}.Debug|Any CPU.Build.0 = Debug|Any CPU
		{BD88B6F5-B987-4C95-828C-AD97E6DCC41C}.Release|Any CPU.ActiveCfg = Release|Any CPU
		{BD88B6F5-B987-4C95-828C-AD97E6DCC41C}.Release|Any CPU.Build.0 = Release|Any CPU
		{B89CF569-2C5C-4CA4-A3B0-6EAB2FDE535A}.Debug|Any CPU.ActiveCfg = Debug|Any CPU
		{B89CF569-2C5C-4CA4-A3B0-6EAB2FDE535A}.Debug|Any CPU.Build.0 = Debug|Any CPU
		{B89CF569-2C5C-4CA4-A3B0-6EAB2FDE535A}.Release|Any CPU.ActiveCfg = Release|Any CPU
		{B89CF569-2C5C-4CA4-A3B0-6EAB2FDE535A}.Release|Any CPU.Build.0 = Release|Any CPU
		{7EFDCD3C-5CDD-4628-AF3C-74C45097D024}.Debug|Any CPU.ActiveCfg = Debug|Any CPU
		{7EFDCD3C-5CDD-4628-AF3C-74C45097D024}.Debug|Any CPU.Build.0 = Debug|Any CPU
		{7EFDCD3C-5CDD-4628-AF3C-74C45097D024}.Release|Any CPU.ActiveCfg = Release|Any CPU
		{7EFDCD3C-5CDD-4628-AF3C-74C45097D024}.Release|Any CPU.Build.0 = Release|Any CPU
		{FF349E5E-B57E-43DC-B9B3-993F434843E0}.Debug|Any CPU.ActiveCfg = Debug|Any CPU
		{FF349E5E-B57E-43DC-B9B3-993F434843E0}.Debug|Any CPU.Build.0 = Debug|Any CPU
		{FF349E5E-B57E-43DC-B9B3-993F434843E0}.Release|Any CPU.ActiveCfg = Release|Any CPU
		{FF349E5E-B57E-43DC-B9B3-993F434843E0}.Release|Any CPU.Build.0 = Release|Any CPU
		{0A4DADF4-AFC3-4EBD-919B-1CE9EC39FEE0}.Debug|Any CPU.ActiveCfg = Debug|Any CPU
		{0A4DADF4-AFC3-4EBD-919B-1CE9EC39FEE0}.Debug|Any CPU.Build.0 = Debug|Any CPU
		{0A4DADF4-AFC3-4EBD-919B-1CE9EC39FEE0}.Release|Any CPU.ActiveCfg = Release|Any CPU
		{0A4DADF4-AFC3-4EBD-919B-1CE9EC39FEE0}.Release|Any CPU.Build.0 = Release|Any CPU
		{72AEC0B8-CB28-4957-A8EE-5C4C16CC00F4}.Debug|Any CPU.ActiveCfg = Debug|Any CPU
		{72AEC0B8-CB28-4957-A8EE-5C4C16CC00F4}.Debug|Any CPU.Build.0 = Debug|Any CPU
		{72AEC0B8-CB28-4957-A8EE-5C4C16CC00F4}.Release|Any CPU.ActiveCfg = Release|Any CPU
		{72AEC0B8-CB28-4957-A8EE-5C4C16CC00F4}.Release|Any CPU.Build.0 = Release|Any CPU
		{B50ECBA1-0E93-4904-9AB7-80F094BA9123}.Debug|Any CPU.ActiveCfg = Debug|Any CPU
		{B50ECBA1-0E93-4904-9AB7-80F094BA9123}.Debug|Any CPU.Build.0 = Debug|Any CPU
		{B50ECBA1-0E93-4904-9AB7-80F094BA9123}.Release|Any CPU.ActiveCfg = Release|Any CPU
		{B50ECBA1-0E93-4904-9AB7-80F094BA9123}.Release|Any CPU.Build.0 = Release|Any CPU
		{BEAE997C-E948-4643-BA3E-8C35D0CEA2C3}.Debug|Any CPU.ActiveCfg = Debug|Any CPU
		{BEAE997C-E948-4643-BA3E-8C35D0CEA2C3}.Debug|Any CPU.Build.0 = Debug|Any CPU
		{BEAE997C-E948-4643-BA3E-8C35D0CEA2C3}.Release|Any CPU.ActiveCfg = Release|Any CPU
		{BEAE997C-E948-4643-BA3E-8C35D0CEA2C3}.Release|Any CPU.Build.0 = Release|Any CPU
		{AA0578B8-D171-47F1-9D62-A5B876639040}.Debug|Any CPU.ActiveCfg = Debug|Any CPU
		{AA0578B8-D171-47F1-9D62-A5B876639040}.Debug|Any CPU.Build.0 = Debug|Any CPU
		{AA0578B8-D171-47F1-9D62-A5B876639040}.Release|Any CPU.ActiveCfg = Release|Any CPU
		{AA0578B8-D171-47F1-9D62-A5B876639040}.Release|Any CPU.Build.0 = Release|Any CPU
		{E2844E1A-C468-4DE1-9A35-295C13366C05}.Debug|Any CPU.ActiveCfg = Debug|Any CPU
		{E2844E1A-C468-4DE1-9A35-295C13366C05}.Debug|Any CPU.Build.0 = Debug|Any CPU
		{E2844E1A-C468-4DE1-9A35-295C13366C05}.Release|Any CPU.ActiveCfg = Release|Any CPU
		{E2844E1A-C468-4DE1-9A35-295C13366C05}.Release|Any CPU.Build.0 = Release|Any CPU
		{265D689B-7D63-4F22-811C-DE3BFB7171D0}.Debug|Any CPU.ActiveCfg = Debug|Any CPU
		{265D689B-7D63-4F22-811C-DE3BFB7171D0}.Debug|Any CPU.Build.0 = Debug|Any CPU
		{265D689B-7D63-4F22-811C-DE3BFB7171D0}.Release|Any CPU.ActiveCfg = Release|Any CPU
		{265D689B-7D63-4F22-811C-DE3BFB7171D0}.Release|Any CPU.Build.0 = Release|Any CPU
		{8BED8DB2-FC24-498E-9C85-E19D78E4C36A}.Debug|Any CPU.ActiveCfg = Debug|Any CPU
		{8BED8DB2-FC24-498E-9C85-E19D78E4C36A}.Debug|Any CPU.Build.0 = Debug|Any CPU
		{8BED8DB2-FC24-498E-9C85-E19D78E4C36A}.Release|Any CPU.ActiveCfg = Release|Any CPU
		{8BED8DB2-FC24-498E-9C85-E19D78E4C36A}.Release|Any CPU.Build.0 = Release|Any CPU
		{FEF7FFD5-50AD-476F-A286-EC57C82CEFC3}.Debug|Any CPU.ActiveCfg = Debug|Any CPU
		{FEF7FFD5-50AD-476F-A286-EC57C82CEFC3}.Debug|Any CPU.Build.0 = Debug|Any CPU
		{FEF7FFD5-50AD-476F-A286-EC57C82CEFC3}.Release|Any CPU.ActiveCfg = Release|Any CPU
		{FEF7FFD5-50AD-476F-A286-EC57C82CEFC3}.Release|Any CPU.Build.0 = Release|Any CPU
		{762876E7-F636-46F2-8D86-DC22F6AEFD91}.Debug|Any CPU.ActiveCfg = Debug|Any CPU
		{762876E7-F636-46F2-8D86-DC22F6AEFD91}.Debug|Any CPU.Build.0 = Debug|Any CPU
		{762876E7-F636-46F2-8D86-DC22F6AEFD91}.Release|Any CPU.ActiveCfg = Release|Any CPU
		{762876E7-F636-46F2-8D86-DC22F6AEFD91}.Release|Any CPU.Build.0 = Release|Any CPU
		{CE65C0DD-0D04-423D-8A9B-96576D9243F4}.Debug|Any CPU.ActiveCfg = Debug|Any CPU
		{CE65C0DD-0D04-423D-8A9B-96576D9243F4}.Debug|Any CPU.Build.0 = Debug|Any CPU
		{CE65C0DD-0D04-423D-8A9B-96576D9243F4}.Release|Any CPU.ActiveCfg = Release|Any CPU
		{CE65C0DD-0D04-423D-8A9B-96576D9243F4}.Release|Any CPU.Build.0 = Release|Any CPU
		{29ED6478-EFD1-4F41-8A09-A25B3E4F8812}.Debug|Any CPU.ActiveCfg = Debug|Any CPU
		{29ED6478-EFD1-4F41-8A09-A25B3E4F8812}.Debug|Any CPU.Build.0 = Debug|Any CPU
		{29ED6478-EFD1-4F41-8A09-A25B3E4F8812}.Release|Any CPU.ActiveCfg = Release|Any CPU
		{29ED6478-EFD1-4F41-8A09-A25B3E4F8812}.Release|Any CPU.Build.0 = Release|Any CPU
		{7C27A8E7-AFEE-40BA-BC85-E4090E746B20}.Debug|Any CPU.ActiveCfg = Debug|Any CPU
		{7C27A8E7-AFEE-40BA-BC85-E4090E746B20}.Debug|Any CPU.Build.0 = Debug|Any CPU
		{7C27A8E7-AFEE-40BA-BC85-E4090E746B20}.Release|Any CPU.ActiveCfg = Release|Any CPU
		{7C27A8E7-AFEE-40BA-BC85-E4090E746B20}.Release|Any CPU.Build.0 = Release|Any CPU
		{B956C677-B3F2-4B74-A253-1B88706C0F77}.Debug|Any CPU.ActiveCfg = Debug|Any CPU
		{B956C677-B3F2-4B74-A253-1B88706C0F77}.Debug|Any CPU.Build.0 = Debug|Any CPU
		{B956C677-B3F2-4B74-A253-1B88706C0F77}.Release|Any CPU.ActiveCfg = Release|Any CPU
		{B956C677-B3F2-4B74-A253-1B88706C0F77}.Release|Any CPU.Build.0 = Release|Any CPU
		{B5BB936C-7026-409C-AB4C-D4487D20097F}.Debug|Any CPU.ActiveCfg = Debug|Any CPU
		{B5BB936C-7026-409C-AB4C-D4487D20097F}.Debug|Any CPU.Build.0 = Debug|Any CPU
		{B5BB936C-7026-409C-AB4C-D4487D20097F}.Release|Any CPU.ActiveCfg = Release|Any CPU
		{B5BB936C-7026-409C-AB4C-D4487D20097F}.Release|Any CPU.Build.0 = Release|Any CPU
		{7C42E9FA-823A-42CB-A1BD-DF102B254ABE}.Debug|Any CPU.ActiveCfg = Debug|Any CPU
		{7C42E9FA-823A-42CB-A1BD-DF102B254ABE}.Debug|Any CPU.Build.0 = Debug|Any CPU
		{7C42E9FA-823A-42CB-A1BD-DF102B254ABE}.Release|Any CPU.ActiveCfg = Release|Any CPU
		{7C42E9FA-823A-42CB-A1BD-DF102B254ABE}.Release|Any CPU.Build.0 = Release|Any CPU
		{46FDC1F9-4317-4D12-BCF3-13ABF8919025}.Debug|Any CPU.ActiveCfg = Debug|Any CPU
		{46FDC1F9-4317-4D12-BCF3-13ABF8919025}.Debug|Any CPU.Build.0 = Debug|Any CPU
		{46FDC1F9-4317-4D12-BCF3-13ABF8919025}.Release|Any CPU.ActiveCfg = Release|Any CPU
		{46FDC1F9-4317-4D12-BCF3-13ABF8919025}.Release|Any CPU.Build.0 = Release|Any CPU
		{B8F9CB5E-E849-491F-AD8E-D0FA9C29E6BE}.Debug|Any CPU.ActiveCfg = Debug|Any CPU
		{B8F9CB5E-E849-491F-AD8E-D0FA9C29E6BE}.Debug|Any CPU.Build.0 = Debug|Any CPU
		{B8F9CB5E-E849-491F-AD8E-D0FA9C29E6BE}.Release|Any CPU.ActiveCfg = Release|Any CPU
		{B8F9CB5E-E849-491F-AD8E-D0FA9C29E6BE}.Release|Any CPU.Build.0 = Release|Any CPU
		{00D5B821-B764-4560-BF4B-6ADF68DD0DF0}.Debug|Any CPU.ActiveCfg = Debug|Any CPU
		{00D5B821-B764-4560-BF4B-6ADF68DD0DF0}.Debug|Any CPU.Build.0 = Debug|Any CPU
		{00D5B821-B764-4560-BF4B-6ADF68DD0DF0}.Release|Any CPU.ActiveCfg = Release|Any CPU
		{00D5B821-B764-4560-BF4B-6ADF68DD0DF0}.Release|Any CPU.Build.0 = Release|Any CPU
		{31548C08-85F4-42D9-9F2B-95552B178BD2}.Debug|Any CPU.ActiveCfg = Debug|Any CPU
		{31548C08-85F4-42D9-9F2B-95552B178BD2}.Debug|Any CPU.Build.0 = Debug|Any CPU
		{31548C08-85F4-42D9-9F2B-95552B178BD2}.Release|Any CPU.ActiveCfg = Release|Any CPU
		{31548C08-85F4-42D9-9F2B-95552B178BD2}.Release|Any CPU.Build.0 = Release|Any CPU
		{876457DF-A747-4F5E-AF62-DF9DEC09704F}.Debug|Any CPU.ActiveCfg = Debug|Any CPU
		{876457DF-A747-4F5E-AF62-DF9DEC09704F}.Debug|Any CPU.Build.0 = Debug|Any CPU
		{876457DF-A747-4F5E-AF62-DF9DEC09704F}.Release|Any CPU.ActiveCfg = Release|Any CPU
		{876457DF-A747-4F5E-AF62-DF9DEC09704F}.Release|Any CPU.Build.0 = Release|Any CPU
		{C2880C13-FD5A-4853-8B51-1CDDEEE189CD}.Debug|Any CPU.ActiveCfg = Debug|Any CPU
		{C2880C13-FD5A-4853-8B51-1CDDEEE189CD}.Debug|Any CPU.Build.0 = Debug|Any CPU
		{C2880C13-FD5A-4853-8B51-1CDDEEE189CD}.Release|Any CPU.ActiveCfg = Release|Any CPU
		{C2880C13-FD5A-4853-8B51-1CDDEEE189CD}.Release|Any CPU.Build.0 = Release|Any CPU
		{43581EEF-1022-45D5-AE87-57147231013A}.Debug|Any CPU.ActiveCfg = Debug|Any CPU
		{43581EEF-1022-45D5-AE87-57147231013A}.Debug|Any CPU.Build.0 = Debug|Any CPU
		{43581EEF-1022-45D5-AE87-57147231013A}.Release|Any CPU.ActiveCfg = Release|Any CPU
		{43581EEF-1022-45D5-AE87-57147231013A}.Release|Any CPU.Build.0 = Release|Any CPU
		{BF01813C-A2F5-4150-B355-0CE1C19FC5CF}.Debug|Any CPU.ActiveCfg = Debug|Any CPU
		{BF01813C-A2F5-4150-B355-0CE1C19FC5CF}.Debug|Any CPU.Build.0 = Debug|Any CPU
		{BF01813C-A2F5-4150-B355-0CE1C19FC5CF}.Release|Any CPU.ActiveCfg = Release|Any CPU
		{BF01813C-A2F5-4150-B355-0CE1C19FC5CF}.Release|Any CPU.Build.0 = Release|Any CPU
		{3450841A-9B8F-4310-B164-72EC9945B0DC}.Debug|Any CPU.ActiveCfg = Debug|Any CPU
		{3450841A-9B8F-4310-B164-72EC9945B0DC}.Debug|Any CPU.Build.0 = Debug|Any CPU
		{3450841A-9B8F-4310-B164-72EC9945B0DC}.Release|Any CPU.ActiveCfg = Release|Any CPU
		{3450841A-9B8F-4310-B164-72EC9945B0DC}.Release|Any CPU.Build.0 = Release|Any CPU
		{5168221F-EC0D-485A-A5C4-F652119C59F6}.Debug|Any CPU.ActiveCfg = Debug|Any CPU
		{5168221F-EC0D-485A-A5C4-F652119C59F6}.Debug|Any CPU.Build.0 = Debug|Any CPU
		{5168221F-EC0D-485A-A5C4-F652119C59F6}.Release|Any CPU.ActiveCfg = Release|Any CPU
		{5168221F-EC0D-485A-A5C4-F652119C59F6}.Release|Any CPU.Build.0 = Release|Any CPU
		{8840E8A9-E644-4D31-BE19-D4DFC3C419BD}.Debug|Any CPU.ActiveCfg = Debug|Any CPU
		{8840E8A9-E644-4D31-BE19-D4DFC3C419BD}.Debug|Any CPU.Build.0 = Debug|Any CPU
		{8840E8A9-E644-4D31-BE19-D4DFC3C419BD}.Release|Any CPU.ActiveCfg = Release|Any CPU
		{8840E8A9-E644-4D31-BE19-D4DFC3C419BD}.Release|Any CPU.Build.0 = Release|Any CPU
		{16DC5F87-2C55-461C-B00D-80DBBBE732A5}.Debug|Any CPU.ActiveCfg = Debug|Any CPU
		{16DC5F87-2C55-461C-B00D-80DBBBE732A5}.Debug|Any CPU.Build.0 = Debug|Any CPU
		{16DC5F87-2C55-461C-B00D-80DBBBE732A5}.Release|Any CPU.ActiveCfg = Release|Any CPU
		{16DC5F87-2C55-461C-B00D-80DBBBE732A5}.Release|Any CPU.Build.0 = Release|Any CPU
		{B5087560-63D6-4767-8687-1E26F6862231}.Debug|Any CPU.ActiveCfg = Debug|Any CPU
		{B5087560-63D6-4767-8687-1E26F6862231}.Debug|Any CPU.Build.0 = Debug|Any CPU
		{B5087560-63D6-4767-8687-1E26F6862231}.Release|Any CPU.ActiveCfg = Release|Any CPU
		{B5087560-63D6-4767-8687-1E26F6862231}.Release|Any CPU.Build.0 = Release|Any CPU
		{32D37A6D-44DE-42C2-9D0B-B1846C0D87AE}.Debug|Any CPU.ActiveCfg = Debug|Any CPU
		{32D37A6D-44DE-42C2-9D0B-B1846C0D87AE}.Debug|Any CPU.Build.0 = Debug|Any CPU
		{32D37A6D-44DE-42C2-9D0B-B1846C0D87AE}.Release|Any CPU.ActiveCfg = Release|Any CPU
		{32D37A6D-44DE-42C2-9D0B-B1846C0D87AE}.Release|Any CPU.Build.0 = Release|Any CPU
		{53B0AB24-511E-4BAB-9507-696605B13121}.Debug|Any CPU.ActiveCfg = Debug|Any CPU
		{53B0AB24-511E-4BAB-9507-696605B13121}.Debug|Any CPU.Build.0 = Debug|Any CPU
		{53B0AB24-511E-4BAB-9507-696605B13121}.Release|Any CPU.ActiveCfg = Release|Any CPU
		{53B0AB24-511E-4BAB-9507-696605B13121}.Release|Any CPU.Build.0 = Release|Any CPU
		{D6CA1078-D2B1-4E99-8F88-325686CFA93A}.Debug|Any CPU.ActiveCfg = Debug|Any CPU
		{D6CA1078-D2B1-4E99-8F88-325686CFA93A}.Debug|Any CPU.Build.0 = Debug|Any CPU
		{D6CA1078-D2B1-4E99-8F88-325686CFA93A}.Release|Any CPU.ActiveCfg = Release|Any CPU
		{D6CA1078-D2B1-4E99-8F88-325686CFA93A}.Release|Any CPU.Build.0 = Release|Any CPU
		{3F9B4A24-5645-4554-995F-E008132BFB4A}.Debug|Any CPU.ActiveCfg = Debug|Any CPU
		{3F9B4A24-5645-4554-995F-E008132BFB4A}.Debug|Any CPU.Build.0 = Debug|Any CPU
		{3F9B4A24-5645-4554-995F-E008132BFB4A}.Release|Any CPU.ActiveCfg = Release|Any CPU
		{3F9B4A24-5645-4554-995F-E008132BFB4A}.Release|Any CPU.Build.0 = Release|Any CPU
		{387EB6B2-F2C2-447E-81E0-BA388C2BBE08}.Debug|Any CPU.ActiveCfg = Debug|Any CPU
		{387EB6B2-F2C2-447E-81E0-BA388C2BBE08}.Debug|Any CPU.Build.0 = Debug|Any CPU
		{387EB6B2-F2C2-447E-81E0-BA388C2BBE08}.Release|Any CPU.ActiveCfg = Release|Any CPU
		{387EB6B2-F2C2-447E-81E0-BA388C2BBE08}.Release|Any CPU.Build.0 = Release|Any CPU
		{7C18AE00-EC3E-42AE-85DF-550111B05F39}.Debug|Any CPU.ActiveCfg = Debug|Any CPU
		{7C18AE00-EC3E-42AE-85DF-550111B05F39}.Debug|Any CPU.Build.0 = Debug|Any CPU
		{7C18AE00-EC3E-42AE-85DF-550111B05F39}.Release|Any CPU.ActiveCfg = Release|Any CPU
		{7C18AE00-EC3E-42AE-85DF-550111B05F39}.Release|Any CPU.Build.0 = Release|Any CPU
		{B6CBEE77-8107-48B3-90E6-33B68C4F26F9}.Debug|Any CPU.ActiveCfg = Debug|Any CPU
		{B6CBEE77-8107-48B3-90E6-33B68C4F26F9}.Debug|Any CPU.Build.0 = Debug|Any CPU
		{B6CBEE77-8107-48B3-90E6-33B68C4F26F9}.Release|Any CPU.ActiveCfg = Release|Any CPU
		{B6CBEE77-8107-48B3-90E6-33B68C4F26F9}.Release|Any CPU.Build.0 = Release|Any CPU
		{E942CA89-D555-40BC-B669-6A6D1FD13527}.Debug|Any CPU.ActiveCfg = Debug|Any CPU
		{E942CA89-D555-40BC-B669-6A6D1FD13527}.Debug|Any CPU.Build.0 = Debug|Any CPU
		{E942CA89-D555-40BC-B669-6A6D1FD13527}.Release|Any CPU.ActiveCfg = Release|Any CPU
		{E942CA89-D555-40BC-B669-6A6D1FD13527}.Release|Any CPU.Build.0 = Release|Any CPU
		{4A1664B9-D4B7-4E67-9646-1DD8571713EB}.Debug|Any CPU.ActiveCfg = Debug|Any CPU
		{4A1664B9-D4B7-4E67-9646-1DD8571713EB}.Debug|Any CPU.Build.0 = Debug|Any CPU
		{4A1664B9-D4B7-4E67-9646-1DD8571713EB}.Release|Any CPU.ActiveCfg = Release|Any CPU
		{4A1664B9-D4B7-4E67-9646-1DD8571713EB}.Release|Any CPU.Build.0 = Release|Any CPU
		{1F78C671-1C87-419C-BA24-FBB67FE47C1F}.Debug|Any CPU.ActiveCfg = Debug|Any CPU
		{1F78C671-1C87-419C-BA24-FBB67FE47C1F}.Debug|Any CPU.Build.0 = Debug|Any CPU
		{1F78C671-1C87-419C-BA24-FBB67FE47C1F}.Release|Any CPU.ActiveCfg = Release|Any CPU
		{1F78C671-1C87-419C-BA24-FBB67FE47C1F}.Release|Any CPU.Build.0 = Release|Any CPU
		{1D25CE9C-DFA1-40AD-9FBC-85DA22856C70}.Debug|Any CPU.ActiveCfg = Debug|Any CPU
		{1D25CE9C-DFA1-40AD-9FBC-85DA22856C70}.Debug|Any CPU.Build.0 = Debug|Any CPU
		{1D25CE9C-DFA1-40AD-9FBC-85DA22856C70}.Release|Any CPU.ActiveCfg = Release|Any CPU
		{1D25CE9C-DFA1-40AD-9FBC-85DA22856C70}.Release|Any CPU.Build.0 = Release|Any CPU
	EndGlobalSection
	GlobalSection(SolutionProperties) = preSolution
		HideSolutionNode = FALSE
	EndGlobalSection
EndGlobal
